
Microsoft Visual Studio Solution File, Format Version 12.00
# Visual Studio Version 17
VisualStudioVersion = 17.14.36414.22 d17.14
MinimumVisualStudioVersion = 10.0.40219.1
Project("{FAE04EC0-301F-11D3-BF4B-00C04F79EFBC}") = "ASTRANET Hidden Sector", "ASTRANET Hidden Sector.csproj", "{F2116C29-5E6B-43F7-9C96-6C8F3276946B}"
EndProject
Global
	GlobalSection(SolutionConfigurationPlatforms) = preSolution
		Debug|Any CPU = Debug|Any CPU
		Release|Any CPU = Release|Any CPU
	EndGlobalSection
	GlobalSection(ProjectConfigurationPlatforms) = postSolution
		{F2116C29-5E6B-43F7-9C96-6C8F3276946B}.Debug|Any CPU.ActiveCfg = Debug|Any CPU
		{F2116C29-5E6B-43F7-9C96-6C8F3276946B}.Debug|Any CPU.Build.0 = Debug|Any CPU
		{F2116C29-5E6B-43F7-9C96-6C8F3276946B}.Release|Any CPU.ActiveCfg = Release|Any CPU
		{F2116C29-5E6B-43F7-9C96-6C8F3276946B}.Release|Any CPU.Build.0 = Release|Any CPU
	EndGlobalSection
	GlobalSection(SolutionProperties) = preSolution
		HideSolutionNode = FALSE
	EndGlobalSection
	GlobalSection(ExtensibilityGlobals) = postSolution
		SolutionGuid = {20FC9214-A6D0-49F8-BB10-49B4B2F50E85}
	EndGlobalSection
EndGlobal
